
Microsoft Visual Studio Solution File, Format Version 12.00
# Visual Studio Version 17
VisualStudioVersion = 17.10.35027.167
MinimumVisualStudioVersion = 10.0.40219.1
Project("{FAE04EC0-301F-11D3-BF4B-00C04F79EFBC}") = "material-vender-api", "material-vender-api.csproj", "{FE2593C6-3FC1-47AF-A304-1FEC1673AC01}"
EndProject
Global
	GlobalSection(SolutionConfigurationPlatforms) = preSolution
		Debug|Any CPU = Debug|Any CPU
		Release|Any CPU = Release|Any CPU
	EndGlobalSection
	GlobalSection(ProjectConfigurationPlatforms) = postSolution
		{FE2593C6-3FC1-47AF-A304-1FEC1673AC01}.Debug|Any CPU.ActiveCfg = Debug|Any CPU
		{FE2593C6-3FC1-47AF-A304-1FEC1673AC01}.Debug|Any CPU.Build.0 = Debug|Any CPU
		{FE2593C6-3FC1-47AF-A304-1FEC1673AC01}.Release|Any CPU.ActiveCfg = Release|Any CPU
		{FE2593C6-3FC1-47AF-A304-1FEC1673AC01}.Release|Any CPU.Build.0 = Release|Any CPU
	EndGlobalSection
	GlobalSection(SolutionProperties) = preSolution
		HideSolutionNode = FALSE
	EndGlobalSection
	GlobalSection(ExtensibilityGlobals) = postSolution
		SolutionGuid = {B574C009-49D0-4DA6-B6DE-5B4D1D74F830}
	EndGlobalSection
EndGlobal
